{
  "originHash" : "86934c89fbc925c82ea5ccbc7b3feefc9ba8ad959e02bfb9c3b9e1679ba829cc",
  "pins" : [
    {
      "identity" : "opencv-spm",
      "kind" : "remoteSourceControl",
      "location" : "https://github.com/yeatse/opencv-spm/",
      "state" : {
        "revision" : "dd26dba92773b39488768888c107e5ef6b0e7c1b",
        "version" : "4.10.0"
      }
    }
  ],
  "version" : 3
}
